
Microsoft Visual Studio Solution File, Format Version 12.00
# Visual Studio Version 17
VisualStudioVersion = 17.12.35707.178
MinimumVisualStudioVersion = 10.0.40219.1
Project("{FAE04EC0-301F-11D3-BF4B-00C04F79EFBC}") = "Bammemo.Web", "src\Bammemo.Web\Bammemo.Web\Bammemo.Web.csproj", "{A87B2DD3-4602-48AA-BC21-70F690FF33A7}"
EndProject
Project("{FAE04EC0-301F-11D3-BF4B-00C04F79EFBC}") = "Bammemo.Web.Client", "src\Bammemo.Web\Bammemo.Web.Client\Bammemo.Web.Client.csproj", "{265BA8DB-9CF3-4439-941B-A2E4B2979B5D}"
EndProject
Project("{FAE04EC0-301F-11D3-BF4B-00C04F79EFBC}") = "Bammemo.Data", "src\Bammemo.Data\Bammemo.Data.csproj", "{8C5A3B5C-98E8-4DAA-AF91-322BED9DD5DF}"
EndProject
Project("{FAE04EC0-301F-11D3-BF4B-00C04F79EFBC}") = "Bammemo.WebApi", "src\Bammemo.WebApi\Bammemo.WebApi.csproj", "{4A5C517E-D7A3-4A71-BCB9-F1B9FB0F6597}"
EndProject
Project("{FAE04EC0-301F-11D3-BF4B-00C04F79EFBC}") = "Bammemo.Service.Server", "src\Bammemo.Service.Server\Bammemo.Service.Server.csproj", "{D101BDFC-0166-432A-9551-8558DFECCD2E}"
EndProject
Project("{FAE04EC0-301F-11D3-BF4B-00C04F79EFBC}") = "Bammemo.Service.Abstractions", "src\Bammemo.Service.Abstractions\Bammemo.Service.Abstractions.csproj", "{851428D3-9171-4A8D-9F11-D00E8FAFF424}"
EndProject
Project("{2150E333-8FDC-42A3-9474-1A3956D46DE8}") = "解决方案项", "解决方案项", "{55EBD505-6DE8-4D2A-B1BA-18B2A848961D}"
	ProjectSection(SolutionItems) = preProject
		README.md = README.md
	EndProjectSection
EndProject
Project("{2150E333-8FDC-42A3-9474-1A3956D46DE8}") = "Tests", "Tests", "{12579B5A-9330-4303-B8A5-17BFE9AC29C0}"
EndProject
Project("{FAE04EC0-301F-11D3-BF4B-00C04F79EFBC}") = "Bammemo.Service.Server.Test", "src\tests\Bammemo.Service.Server.Test\Bammemo.Service.Server.Test.csproj", "{B9DE34CA-ABB7-49F7-B7F7-7C979EAABBCC}"
EndProject
Global
	GlobalSection(SolutionConfigurationPlatforms) = preSolution
		Debug|Any CPU = Debug|Any CPU
		Release|Any CPU = Release|Any CPU
	EndGlobalSection
	GlobalSection(ProjectConfigurationPlatforms) = postSolution
		{A87B2DD3-4602-48AA-BC21-70F690FF33A7}.Debug|Any CPU.ActiveCfg = Debug|Any CPU
		{A87B2DD3-4602-48AA-BC21-70F690FF33A7}.Debug|Any CPU.Build.0 = Debug|Any CPU
		{A87B2DD3-4602-48AA-BC21-70F690FF33A7}.Release|Any CPU.ActiveCfg = Release|Any CPU
		{A87B2DD3-4602-48AA-BC21-70F690FF33A7}.Release|Any CPU.Build.0 = Release|Any CPU
		{265BA8DB-9CF3-4439-941B-A2E4B2979B5D}.Debug|Any CPU.ActiveCfg = Debug|Any CPU
		{265BA8DB-9CF3-4439-941B-A2E4B2979B5D}.Debug|Any CPU.Build.0 = Debug|Any CPU
		{265BA8DB-9CF3-4439-941B-A2E4B2979B5D}.Release|Any CPU.ActiveCfg = Release|Any CPU
		{265BA8DB-9CF3-4439-941B-A2E4B2979B5D}.Release|Any CPU.Build.0 = Release|Any CPU
		{8C5A3B5C-98E8-4DAA-AF91-322BED9DD5DF}.Debug|Any CPU.ActiveCfg = Debug|Any CPU
		{8C5A3B5C-98E8-4DAA-AF91-322BED9DD5DF}.Debug|Any CPU.Build.0 = Debug|Any CPU
		{8C5A3B5C-98E8-4DAA-AF91-322BED9DD5DF}.Release|Any CPU.ActiveCfg = Release|Any CPU
		{8C5A3B5C-98E8-4DAA-AF91-322BED9DD5DF}.Release|Any CPU.Build.0 = Release|Any CPU
		{4A5C517E-D7A3-4A71-BCB9-F1B9FB0F6597}.Debug|Any CPU.ActiveCfg = Debug|Any CPU
		{4A5C517E-D7A3-4A71-BCB9-F1B9FB0F6597}.Debug|Any CPU.Build.0 = Debug|Any CPU
		{4A5C517E-D7A3-4A71-BCB9-F1B9FB0F6597}.Release|Any CPU.ActiveCfg = Release|Any CPU
		{4A5C517E-D7A3-4A71-BCB9-F1B9FB0F6597}.Release|Any CPU.Build.0 = Release|Any CPU
		{D101BDFC-0166-432A-9551-8558DFECCD2E}.Debug|Any CPU.ActiveCfg = Debug|Any CPU
		{D101BDFC-0166-432A-9551-8558DFECCD2E}.Debug|Any CPU.Build.0 = Debug|Any CPU
		{D101BDFC-0166-432A-9551-8558DFECCD2E}.Release|Any CPU.ActiveCfg = Release|Any CPU
		{D101BDFC-0166-432A-9551-8558DFECCD2E}.Release|Any CPU.Build.0 = Release|Any CPU
		{851428D3-9171-4A8D-9F11-D00E8FAFF424}.Debug|Any CPU.ActiveCfg = Debug|Any CPU
		{851428D3-9171-4A8D-9F11-D00E8FAFF424}.Debug|Any CPU.Build.0 = Debug|Any CPU
		{851428D3-9171-4A8D-9F11-D00E8FAFF424}.Release|Any CPU.ActiveCfg = Release|Any CPU
		{851428D3-9171-4A8D-9F11-D00E8FAFF424}.Release|Any CPU.Build.0 = Release|Any CPU
		{B9DE34CA-ABB7-49F7-B7F7-7C979EAABBCC}.Debug|Any CPU.ActiveCfg = Debug|Any CPU
		{B9DE34CA-ABB7-49F7-B7F7-7C979EAABBCC}.Debug|Any CPU.Build.0 = Debug|Any CPU
		{B9DE34CA-ABB7-49F7-B7F7-7C979EAABBCC}.Release|Any CPU.ActiveCfg = Release|Any CPU
		{B9DE34CA-ABB7-49F7-B7F7-7C979EAABBCC}.Release|Any CPU.Build.0 = Release|Any CPU
	EndGlobalSection
	GlobalSection(SolutionProperties) = preSolution
		HideSolutionNode = FALSE
	EndGlobalSection
	GlobalSection(NestedProjects) = preSolution
		{B9DE34CA-ABB7-49F7-B7F7-7C979EAABBCC} = {12579B5A-9330-4303-B8A5-17BFE9AC29C0}
	EndGlobalSection
	GlobalSection(ExtensibilityGlobals) = postSolution
		SolutionGuid = {BB4BF7FB-61A7-4BD5-88E8-FAACC6663E13}
	EndGlobalSection
EndGlobal
